
Microsoft Visual Studio Solution File, Format Version 12.00
# Visual Studio Version 16
VisualStudioVersion = 16.0.30621.155
MinimumVisualStudioVersion = 10.0.40219.1
Project("{888888A0-9F3D-457C-B088-3A5042F75D52}") = "relief_service", "relief_service\relief_service.pyproj", "{F15DE0E5-99CB-4217-8461-09D023910C21}"
EndProject
Global
	GlobalSection(SolutionConfigurationPlatforms) = preSolution
		Debug|Any CPU = Debug|Any CPU
		Release|Any CPU = Release|Any CPU
	EndGlobalSection
	GlobalSection(ProjectConfigurationPlatforms) = postSolution
		{F15DE0E5-99CB-4217-8461-09D023910C21}.Debug|Any CPU.ActiveCfg = Debug|Any CPU
		{F15DE0E5-99CB-4217-8461-09D023910C21}.Debug|Any CPU.Build.0 = Debug|Any CPU
		{F15DE0E5-99CB-4217-8461-09D023910C21}.Release|Any CPU.ActiveCfg = Release|Any CPU
		{F15DE0E5-99CB-4217-8461-09D023910C21}.Release|Any CPU.Build.0 = Release|Any CPU
	EndGlobalSection
	GlobalSection(SolutionProperties) = preSolution
		HideSolutionNode = FALSE
	EndGlobalSection
	GlobalSection(ExtensibilityGlobals) = postSolution
		SolutionGuid = {A29D9FAC-C78E-4B12-9AD6-EE2F70E33713}
	EndGlobalSection
EndGlobal
